// !$*UTF8*$!
{
	archiveVersion = 1;
	classes = {
	};
	objectVersion = 55;
	objects = {

/* Begin PBXBuildFile section */
		27F92FF951519A610E3A7135 /* Pods_Flixster.framework in Frameworks */ = {isa = PBXBuildFile; fileRef = 6626674137BDB0A20196C234 /* Pods_Flixster.framework */; };
		2C03CC554329F8D9864F3B77 /* Pods_Flixster_FlixsterUITests.framework in Frameworks */ = {isa = PBXBuildFile; fileRef = 309C08AB3078FE4B24DD528C /* Pods_Flixster_FlixsterUITests.framework */; };
		6B80C20128D2EA8100BD6CC3 /* AlamofireImage in Frameworks */ = {isa = PBXBuildFile; productRef = 6B80C20028D2EA8100BD6CC3 /* AlamofireImage */; };
		6BAEE7C128D956150032D31C /* MovieDetailsViewController.swift in Sources */ = {isa = PBXBuildFile; fileRef = 6BAEE7C028D956150032D31C /* MovieDetailsViewController.swift */; };
		6BAEE7C328D96AB70032D31C /* MovieGridViewController.swift in Sources */ = {isa = PBXBuildFile; fileRef = 6BAEE7C228D96AB70032D31C /* MovieGridViewController.swift */; };
		6BAEE7C528D977320032D31C /* MovieGridCell.swift in Sources */ = {isa = PBXBuildFile; fileRef = 6BAEE7C428D977320032D31C /* MovieGridCell.swift */; };
		6BE51BD128D2D39C008E5F03 /* AppDelegate.swift in Sources */ = {isa = PBXBuildFile; fileRef = 6BE51BD028D2D39C008E5F03 /* AppDelegate.swift */; };
		6BE51BD328D2D39C008E5F03 /* SceneDelegate.swift in Sources */ = {isa = PBXBuildFile; fileRef = 6BE51BD228D2D39C008E5F03 /* SceneDelegate.swift */; };
		6BE51BD828D2D39C008E5F03 /* Main.storyboard in Resources */ = {isa = PBXBuildFile; fileRef = 6BE51BD628D2D39C008E5F03 /* Main.storyboard */; };
		6BE51BDA28D2D39D008E5F03 /* Assets.xcassets in Resources */ = {isa = PBXBuildFile; fileRef = 6BE51BD928D2D39D008E5F03 /* Assets.xcassets */; };
		6BE51BDD28D2D39D008E5F03 /* LaunchScreen.storyboard in Resources */ = {isa = PBXBuildFile; fileRef = 6BE51BDB28D2D39D008E5F03 /* LaunchScreen.storyboard */; };
		6BE51BE828D2D39D008E5F03 /* FlixsterTests.swift in Sources */ = {isa = PBXBuildFile; fileRef = 6BE51BE728D2D39D008E5F03 /* FlixsterTests.swift */; };
		6BE51BF228D2D39D008E5F03 /* FlixsterUITests.swift in Sources */ = {isa = PBXBuildFile; fileRef = 6BE51BF128D2D39D008E5F03 /* FlixsterUITests.swift */; };
		6BE51BF428D2D39D008E5F03 /* FlixsterUITestsLaunchTests.swift in Sources */ = {isa = PBXBuildFile; fileRef = 6BE51BF328D2D39D008E5F03 /* FlixsterUITestsLaunchTests.swift */; };
		6BE51C0128D2D6AC008E5F03 /* MoviesViewController.swift in Sources */ = {isa = PBXBuildFile; fileRef = 6BE51C0028D2D6AC008E5F03 /* MoviesViewController.swift */; };
		6BE51C0328D2E52B008E5F03 /* MovieCell.swift in Sources */ = {isa = PBXBuildFile; fileRef = 6BE51C0228D2E52B008E5F03 /* MovieCell.swift */; };
		A1F4C1515C74B47A54F52BEB /* Pods_FlixsterTests.framework in Frameworks */ = {isa = PBXBuildFile; fileRef = 7AE040D753B0C5D8B479CBB4 /* Pods_FlixsterTests.framework */; };
/* End PBXBuildFile section */

/* Begin PBXContainerItemProxy section */
		6BE51BE428D2D39D008E5F03 /* PBXContainerItemProxy */ = {
			isa = PBXContainerItemProxy;
			containerPortal = 6BE51BC528D2D39C008E5F03 /* Project object */;
			proxyType = 1;
			remoteGlobalIDString = 6BE51BCC28D2D39C008E5F03;
			remoteInfo = Flixster;
		};
		6BE51BEE28D2D39D008E5F03 /* PBXContainerItemProxy */ = {
			isa = PBXContainerItemProxy;
			containerPortal = 6BE51BC528D2D39C008E5F03 /* Project object */;
			proxyType = 1;
			remoteGlobalIDString = 6BE51BCC28D2D39C008E5F03;
			remoteInfo = Flixster;
		};
/* End PBXContainerItemProxy section */

/* Begin PBXFileReference section */
		148C9E044CBDE4E565B6BDE8 /* Pods-Flixster.debug.xcconfig */ = {isa = PBXFileReference; includeInIndex = 1; lastKnownFileType = text.xcconfig; name = "Pods-Flixster.debug.xcconfig"; path = "Target Support Files/Pods-Flixster/Pods-Flixster.debug.xcconfig"; sourceTree = "<group>"; };
		15DE07D9D8B6631684967121 /* Pods-Flixster-FlixsterUITests.release.xcconfig */ = {isa = PBXFileReference; includeInIndex = 1; lastKnownFileType = text.xcconfig; name = "Pods-Flixster-FlixsterUITests.release.xcconfig"; path = "Target Support Files/Pods-Flixster-FlixsterUITests/Pods-Flixster-FlixsterUITests.release.xcconfig"; sourceTree = "<group>"; };
		309C08AB3078FE4B24DD528C /* Pods_Flixster_FlixsterUITests.framework */ = {isa = PBXFileReference; explicitFileType = wrapper.framework; includeInIndex = 0; path = Pods_Flixster_FlixsterUITests.framework; sourceTree = BUILT_PRODUCTS_DIR; };
		6626674137BDB0A20196C234 /* Pods_Flixster.framework */ = {isa = PBXFileReference; explicitFileType = wrapper.framework; includeInIndex = 0; path = Pods_Flixster.framework; sourceTree = BUILT_PRODUCTS_DIR; };
		6AD40C40A6AE37047BD806F6 /* Pods-Flixster.release.xcconfig */ = {isa = PBXFileReference; includeInIndex = 1; lastKnownFileType = text.xcconfig; name = "Pods-Flixster.release.xcconfig"; path = "Target Support Files/Pods-Flixster/Pods-Flixster.release.xcconfig"; sourceTree = "<group>"; };
		6BAEE7C028D956150032D31C /* MovieDetailsViewController.swift */ = {isa = PBXFileReference; lastKnownFileType = sourcecode.swift; path = MovieDetailsViewController.swift; sourceTree = "<group>"; };
		6BAEE7C228D96AB70032D31C /* MovieGridViewController.swift */ = {isa = PBXFileReference; lastKnownFileType = sourcecode.swift; path = MovieGridViewController.swift; sourceTree = "<group>"; };
		6BAEE7C428D977320032D31C /* MovieGridCell.swift */ = {isa = PBXFileReference; lastKnownFileType = sourcecode.swift; path = MovieGridCell.swift; sourceTree = "<group>"; };
		6BE51BCD28D2D39C008E5F03 /* Flixster.app */ = {isa = PBXFileReference; explicitFileType = wrapper.application; includeInIndex = 0; path = Flixster.app; sourceTree = BUILT_PRODUCTS_DIR; };
		6BE51BD028D2D39C008E5F03 /* AppDelegate.swift */ = {isa = PBXFileReference; lastKnownFileType = sourcecode.swift; path = AppDelegate.swift; sourceTree = "<group>"; };
		6BE51BD228D2D39C008E5F03 /* SceneDelegate.swift */ = {isa = PBXFileReference; lastKnownFileType = sourcecode.swift; path = SceneDelegate.swift; sourceTree = "<group>"; };
		6BE51BD728D2D39C008E5F03 /* Base */ = {isa = PBXFileReference; lastKnownFileType = file.storyboard; name = Base; path = Base.lproj/Main.storyboard; sourceTree = "<group>"; };
		6BE51BD928D2D39D008E5F03 /* Assets.xcassets */ = {isa = PBXFileReference; lastKnownFileType = folder.assetcatalog; path = Assets.xcassets; sourceTree = "<group>"; };
		6BE51BDC28D2D39D008E5F03 /* Base */ = {isa = PBXFileReference; lastKnownFileType = file.storyboard; name = Base; path = Base.lproj/LaunchScreen.storyboard; sourceTree = "<group>"; };
		6BE51BDE28D2D39D008E5F03 /* Info.plist */ = {isa = PBXFileReference; lastKnownFileType = text.plist.xml; path = Info.plist; sourceTree = "<group>"; };
		6BE51BE328D2D39D008E5F03 /* FlixsterTests.xctest */ = {isa = PBXFileReference; explicitFileType = wrapper.cfbundle; includeInIndex = 0; path = FlixsterTests.xctest; sourceTree = BUILT_PRODUCTS_DIR; };
		6BE51BE728D2D39D008E5F03 /* FlixsterTests.swift */ = {isa = PBXFileReference; lastKnownFileType = sourcecode.swift; path = FlixsterTests.swift; sourceTree = "<group>"; };
		6BE51BED28D2D39D008E5F03 /* FlixsterUITests.xctest */ = {isa = PBXFileReference; explicitFileType = wrapper.cfbundle; includeInIndex = 0; path = FlixsterUITests.xctest; sourceTree = BUILT_PRODUCTS_DIR; };
		6BE51BF128D2D39D008E5F03 /* FlixsterUITests.swift */ = {isa = PBXFileReference; lastKnownFileType = sourcecode.swift; path = FlixsterUITests.swift; sourceTree = "<group>"; };
		6BE51BF328D2D39D008E5F03 /* FlixsterUITestsLaunchTests.swift */ = {isa = PBXFileReference; lastKnownFileType = sourcecode.swift; path = FlixsterUITestsLaunchTests.swift; sourceTree = "<group>"; };
		6BE51C0028D2D6AC008E5F03 /* MoviesViewController.swift */ = {isa = PBXFileReference; lastKnownFileType = sourcecode.swift; path = MoviesViewController.swift; sourceTree = "<group>"; };
		6BE51C0228D2E52B008E5F03 /* MovieCell.swift */ = {isa = PBXFileReference; lastKnownFileType = sourcecode.swift; path = MovieCell.swift; sourceTree = "<group>"; };
		7AE040D753B0C5D8B479CBB4 /* Pods_FlixsterTests.framework */ = {isa = PBXFileReference; explicitFileType = wrapper.framework; includeInIndex = 0; path = Pods_FlixsterTests.framework; sourceTree = BUILT_PRODUCTS_DIR; };
		7B45D7AE4A9EBC2956EAE5EE /* Pods-FlixsterTests.debug.xcconfig */ = {isa = PBXFileReference; includeInIndex = 1; lastKnownFileType = text.xcconfig; name = "Pods-FlixsterTests.debug.xcconfig"; path = "Target Support Files/Pods-FlixsterTests/Pods-FlixsterTests.debug.xcconfig"; sourceTree = "<group>"; };
		7BF486B589F34E35D4C6E744 /* Pods-FlixsterTests.release.xcconfig */ = {isa = PBXFileReference; includeInIndex = 1; lastKnownFileType = text.xcconfig; name = "Pods-FlixsterTests.release.xcconfig"; path = "Target Support Files/Pods-FlixsterTests/Pods-FlixsterTests.release.xcconfig"; sourceTree = "<group>"; };
		BDAB9812656210708E61CAF9 /* Pods-Flixster-FlixsterUITests.debug.xcconfig */ = {isa = PBXFileReference; includeInIndex = 1; lastKnownFileType = text.xcconfig; name = "Pods-Flixster-FlixsterUITests.debug.xcconfig"; path = "Target Support Files/Pods-Flixster-FlixsterUITests/Pods-Flixster-FlixsterUITests.debug.xcconfig"; sourceTree = "<group>"; };
/* End PBXFileReference section */

/* Begin PBXFrameworksBuildPhase section */
		6BE51BCA28D2D39C008E5F03 /* Frameworks */ = {
			isa = PBXFrameworksBuildPhase;
			buildActionMask = 2147483647;
			files = (
				6B80C20128D2EA8100BD6CC3 /* AlamofireImage in Frameworks */,
				27F92FF951519A610E3A7135 /* Pods_Flixster.framework in Frameworks */,
			);
			runOnlyForDeploymentPostprocessing = 0;
		};
		6BE51BE028D2D39D008E5F03 /* Frameworks */ = {
			isa = PBXFrameworksBuildPhase;
			buildActionMask = 2147483647;
			files = (
				A1F4C1515C74B47A54F52BEB /* Pods_FlixsterTests.framework in Frameworks */,
			);
			runOnlyForDeploymentPostprocessing = 0;
		};
		6BE51BEA28D2D39D008E5F03 /* Frameworks */ = {
			isa = PBXFrameworksBuildPhase;
			buildActionMask = 2147483647;
			files = (
				2C03CC554329F8D9864F3B77 /* Pods_Flixster_FlixsterUITests.framework in Frameworks */,
			);
			runOnlyForDeploymentPostprocessing = 0;
		};
/* End PBXFrameworksBuildPhase section */

/* Begin PBXGroup section */
		60B175152F6E853318521B2F /* Frameworks */ = {
			isa = PBXGroup;
			children = (
				6626674137BDB0A20196C234 /* Pods_Flixster.framework */,
				309C08AB3078FE4B24DD528C /* Pods_Flixster_FlixsterUITests.framework */,
				7AE040D753B0C5D8B479CBB4 /* Pods_FlixsterTests.framework */,
			);
			name = Frameworks;
			sourceTree = "<group>";
		};
		6BE51BC428D2D39C008E5F03 = {
			isa = PBXGroup;
			children = (
				6BE51BCF28D2D39C008E5F03 /* Flixster */,
				6BE51BE628D2D39D008E5F03 /* FlixsterTests */,
				6BE51BF028D2D39D008E5F03 /* FlixsterUITests */,
				6BE51BCE28D2D39C008E5F03 /* Products */,
				A006E9257D0414F3D3C5CF48 /* Pods */,
				60B175152F6E853318521B2F /* Frameworks */,
			);
			sourceTree = "<group>";
		};
		6BE51BCE28D2D39C008E5F03 /* Products */ = {
			isa = PBXGroup;
			children = (
				6BE51BCD28D2D39C008E5F03 /* Flixster.app */,
				6BE51BE328D2D39D008E5F03 /* FlixsterTests.xctest */,
				6BE51BED28D2D39D008E5F03 /* FlixsterUITests.xctest */,
			);
			name = Products;
			sourceTree = "<group>";
		};
		6BE51BCF28D2D39C008E5F03 /* Flixster */ = {
			isa = PBXGroup;
			children = (
				6BE51BD028D2D39C008E5F03 /* AppDelegate.swift */,
				6BE51BD228D2D39C008E5F03 /* SceneDelegate.swift */,
				6BE51BD628D2D39C008E5F03 /* Main.storyboard */,
				6BE51BD928D2D39D008E5F03 /* Assets.xcassets */,
				6BE51BDB28D2D39D008E5F03 /* LaunchScreen.storyboard */,
				6BE51BDE28D2D39D008E5F03 /* Info.plist */,
				6BE51C0028D2D6AC008E5F03 /* MoviesViewController.swift */,
				6BE51C0228D2E52B008E5F03 /* MovieCell.swift */,
				6BAEE7C028D956150032D31C /* MovieDetailsViewController.swift */,
				6BAEE7C228D96AB70032D31C /* MovieGridViewController.swift */,
				6BAEE7C428D977320032D31C /* MovieGridCell.swift */,
			);
			path = Flixster;
			sourceTree = "<group>";
		};
		6BE51BE628D2D39D008E5F03 /* FlixsterTests */ = {
			isa = PBXGroup;
			children = (
				6BE51BE728D2D39D008E5F03 /* FlixsterTests.swift */,
			);
			path = FlixsterTests;
			sourceTree = "<group>";
		};
		6BE51BF028D2D39D008E5F03 /* FlixsterUITests */ = {
			isa = PBXGroup;
			children = (
				6BE51BF128D2D39D008E5F03 /* FlixsterUITests.swift */,
				6BE51BF328D2D39D008E5F03 /* FlixsterUITestsLaunchTests.swift */,
			);
			path = FlixsterUITests;
			sourceTree = "<group>";
		};
		A006E9257D0414F3D3C5CF48 /* Pods */ = {
			isa = PBXGroup;
			children = (
				148C9E044CBDE4E565B6BDE8 /* Pods-Flixster.debug.xcconfig */,
				6AD40C40A6AE37047BD806F6 /* Pods-Flixster.release.xcconfig */,
				BDAB9812656210708E61CAF9 /* Pods-Flixster-FlixsterUITests.debug.xcconfig */,
				15DE07D9D8B6631684967121 /* Pods-Flixster-FlixsterUITests.release.xcconfig */,
				7B45D7AE4A9EBC2956EAE5EE /* Pods-FlixsterTests.debug.xcconfig */,
				7BF486B589F34E35D4C6E744 /* Pods-FlixsterTests.release.xcconfig */,
			);
			path = Pods;
			sourceTree = "<group>";
		};
/* End PBXGroup section */

/* Begin PBXNativeTarget section */
		6BE51BCC28D2D39C008E5F03 /* Flixster */ = {
			isa = PBXNativeTarget;
			buildConfigurationList = 6BE51BF728D2D39D008E5F03 /* Build configuration list for PBXNativeTarget "Flixster" */;
			buildPhases = (
				0A7DC4A98A53845037D76470 /* [CP] Check Pods Manifest.lock */,
				6BE51BC928D2D39C008E5F03 /* Sources */,
				6BE51BCA28D2D39C008E5F03 /* Frameworks */,
				6BE51BCB28D2D39C008E5F03 /* Resources */,
				A5CEB69D75BD809D2267F078 /* [CP] Embed Pods Frameworks */,
			);
			buildRules = (
			);
			dependencies = (
			);
			name = Flixster;
			packageProductDependencies = (
				6B80C20028D2EA8100BD6CC3 /* AlamofireImage */,
			);
			productName = Flixster;
			productReference = 6BE51BCD28D2D39C008E5F03 /* Flixster.app */;
			productType = "com.apple.product-type.application";
		};
		6BE51BE228D2D39D008E5F03 /* FlixsterTests */ = {
			isa = PBXNativeTarget;
			buildConfigurationList = 6BE51BFA28D2D39D008E5F03 /* Build configuration list for PBXNativeTarget "FlixsterTests" */;
			buildPhases = (
				49F14D4EA1AAACCC70B4BC11 /* [CP] Check Pods Manifest.lock */,
				6BE51BDF28D2D39D008E5F03 /* Sources */,
				6BE51BE028D2D39D008E5F03 /* Frameworks */,
				6BE51BE128D2D39D008E5F03 /* Resources */,
			);
			buildRules = (
			);
			dependencies = (
				6BE51BE528D2D39D008E5F03 /* PBXTargetDependency */,
			);
			name = FlixsterTests;
			productName = FlixsterTests;
			productReference = 6BE51BE328D2D39D008E5F03 /* FlixsterTests.xctest */;
			productType = "com.apple.product-type.bundle.unit-test";
		};
		6BE51BEC28D2D39D008E5F03 /* FlixsterUITests */ = {
			isa = PBXNativeTarget;
			buildConfigurationList = 6BE51BFD28D2D39D008E5F03 /* Build configuration list for PBXNativeTarget "FlixsterUITests" */;
			buildPhases = (
				F63927E2DC2359B7B5251F23 /* [CP] Check Pods Manifest.lock */,
				6BE51BE928D2D39D008E5F03 /* Sources */,
				6BE51BEA28D2D39D008E5F03 /* Frameworks */,
				6BE51BEB28D2D39D008E5F03 /* Resources */,
				38CBA135047B1A912ACF953A /* [CP] Embed Pods Frameworks */,
			);
			buildRules = (
			);
			dependencies = (
				6BE51BEF28D2D39D008E5F03 /* PBXTargetDependency */,
			);
			name = FlixsterUITests;
			productName = FlixsterUITests;
			productReference = 6BE51BED28D2D39D008E5F03 /* FlixsterUITests.xctest */;
			productType = "com.apple.product-type.bundle.ui-testing";
		};
/* End PBXNativeTarget section */

/* Begin PBXProject section */
		6BE51BC528D2D39C008E5F03 /* Project object */ = {
			isa = PBXProject;
			attributes = {
				BuildIndependentTargetsInParallel = 1;
				LastSwiftUpdateCheck = 1320;
				LastUpgradeCheck = 1320;
				TargetAttributes = {
					6BE51BCC28D2D39C008E5F03 = {
						CreatedOnToolsVersion = 13.2.1;
					};
					6BE51BE228D2D39D008E5F03 = {
						CreatedOnToolsVersion = 13.2.1;
						TestTargetID = 6BE51BCC28D2D39C008E5F03;
					};
					6BE51BEC28D2D39D008E5F03 = {
						CreatedOnToolsVersion = 13.2.1;
						TestTargetID = 6BE51BCC28D2D39C008E5F03;
					};
				};
			};
			buildConfigurationList = 6BE51BC828D2D39C008E5F03 /* Build configuration list for PBXProject "Flixster" */;
			compatibilityVersion = "Xcode 13.0";
			developmentRegion = en;
			hasScannedForEncodings = 0;
			knownRegions = (
				en,
				Base,
			);
			mainGroup = 6BE51BC428D2D39C008E5F03;
			packageReferences = (
				6B80C1FF28D2EA8100BD6CC3 /* XCRemoteSwiftPackageReference "AlamofireImage" */,
			);
			productRefGroup = 6BE51BCE28D2D39C008E5F03 /* Products */;
			projectDirPath = "";
			projectRoot = "";
			targets = (
				6BE51BCC28D2D39C008E5F03 /* Flixster */,
				6BE51BE228D2D39D008E5F03 /* FlixsterTests */,
				6BE51BEC28D2D39D008E5F03 /* FlixsterUITests */,
			);
		};
/* End PBXProject section */

/* Begin PBXResourcesBuildPhase section */
		6BE51BCB28D2D39C008E5F03 /* Resources */ = {
			isa = PBXResourcesBuildPhase;
			buildActionMask = 2147483647;
			files = (
				6BE51BDD28D2D39D008E5F03 /* LaunchScreen.storyboard in Resources */,
				6BE51BDA28D2D39D008E5F03 /* Assets.xcassets in Resources */,
				6BE51BD828D2D39C008E5F03 /* Main.storyboard in Resources */,
			);
			runOnlyForDeploymentPostprocessing = 0;
		};
		6BE51BE128D2D39D008E5F03 /* Resources */ = {
			isa = PBXResourcesBuildPhase;
			buildActionMask = 2147483647;
			files = (
			);
			runOnlyForDeploymentPostprocessing = 0;
		};
		6BE51BEB28D2D39D008E5F03 /* Resources */ = {
			isa = PBXResourcesBuildPhase;
			buildActionMask = 2147483647;
			files = (
			);
			runOnlyForDeploymentPostprocessing = 0;
		};
/* End PBXResourcesBuildPhase section */

/* Begin PBXShellScriptBuildPhase section */
		0A7DC4A98A53845037D76470 /* [CP] Check Pods Manifest.lock */ = {
			isa = PBXShellScriptBuildPhase;
			buildActionMask = 2147483647;
			files = (
			);
			inputFileListPaths = (
			);
			inputPaths = (
				"${PODS_PODFILE_DIR_PATH}/Podfile.lock",
				"${PODS_ROOT}/Manifest.lock",
			);
			name = "[CP] Check Pods Manifest.lock";
			outputFileListPaths = (
			);
			outputPaths = (
				"$(DERIVED_FILE_DIR)/Pods-Flixster-checkManifestLockResult.txt",
			);
			runOnlyForDeploymentPostprocessing = 0;
			shellPath = /bin/sh;
			shellScript = "diff \"${PODS_PODFILE_DIR_PATH}/Podfile.lock\" \"${PODS_ROOT}/Manifest.lock\" > /dev/null\nif [ $? != 0 ] ; then\n    # print error to STDERR\n    echo \"error: The sandbox is not in sync with the Podfile.lock. Run 'pod install' or update your CocoaPods installation.\" >&2\n    exit 1\nfi\n# This output is used by Xcode 'outputs' to avoid re-running this script phase.\necho \"SUCCESS\" > \"${SCRIPT_OUTPUT_FILE_0}\"\n";
			showEnvVarsInLog = 0;
		};
		38CBA135047B1A912ACF953A /* [CP] Embed Pods Frameworks */ = {
			isa = PBXShellScriptBuildPhase;
			buildActionMask = 2147483647;
			files = (
			);
			inputFileListPaths = (
				"${PODS_ROOT}/Target Support Files/Pods-Flixster-FlixsterUITests/Pods-Flixster-FlixsterUITests-frameworks-${CONFIGURATION}-input-files.xcfilelist",
			);
			name = "[CP] Embed Pods Frameworks";
			outputFileListPaths = (
				"${PODS_ROOT}/Target Support Files/Pods-Flixster-FlixsterUITests/Pods-Flixster-FlixsterUITests-frameworks-${CONFIGURATION}-output-files.xcfilelist",
			);
			runOnlyForDeploymentPostprocessing = 0;
			shellPath = /bin/sh;
			shellScript = "\"${PODS_ROOT}/Target Support Files/Pods-Flixster-FlixsterUITests/Pods-Flixster-FlixsterUITests-frameworks.sh\"\n";
			showEnvVarsInLog = 0;
		};
		49F14D4EA1AAACCC70B4BC11 /* [CP] Check Pods Manifest.lock */ = {
			isa = PBXShellScriptBuildPhase;
			buildActionMask = 2147483647;
			files = (
			);
			inputFileListPaths = (
			);
			inputPaths = (
				"${PODS_PODFILE_DIR_PATH}/Podfile.lock",
				"${PODS_ROOT}/Manifest.lock",
			);
			name = "[CP] Check Pods Manifest.lock";
			outputFileListPaths = (
			);
			outputPaths = (
				"$(DERIVED_FILE_DIR)/Pods-FlixsterTests-checkManifestLockResult.txt",
			);
			runOnlyForDeploymentPostprocessing = 0;
			shellPath = /bin/sh;
			shellScript = "diff \"${PODS_PODFILE_DIR_PATH}/Podfile.lock\" \"${PODS_ROOT}/Manifest.lock\" > /dev/null\nif [ $? != 0 ] ; then\n    # print error to STDERR\n    echo \"error: The sandbox is not in sync with the Podfile.lock. Run 'pod install' or update your CocoaPods installation.\" >&2\n    exit 1\nfi\n# This output is used by Xcode 'outputs' to avoid re-running this script phase.\necho \"SUCCESS\" > \"${SCRIPT_OUTPUT_FILE_0}\"\n";
			showEnvVarsInLog = 0;
		};
		A5CEB69D75BD809D2267F078 /* [CP] Embed Pods Frameworks */ = {
			isa = PBXShellScriptBuildPhase;
			buildActionMask = 2147483647;
			files = (
			);
			inputFileListPaths = (
				"${PODS_ROOT}/Target Support Files/Pods-Flixster/Pods-Flixster-frameworks-${CONFIGURATION}-input-files.xcfilelist",
			);
			name = "[CP] Embed Pods Frameworks";
			outputFileListPaths = (
				"${PODS_ROOT}/Target Support Files/Pods-Flixster/Pods-Flixster-frameworks-${CONFIGURATION}-output-files.xcfilelist",
			);
			runOnlyForDeploymentPostprocessing = 0;
			shellPath = /bin/sh;
			shellScript = "\"${PODS_ROOT}/Target Support Files/Pods-Flixster/Pods-Flixster-frameworks.sh\"\n";
			showEnvVarsInLog = 0;
		};
		F63927E2DC2359B7B5251F23 /* [CP] Check Pods Manifest.lock */ = {
			isa = PBXShellScriptBuildPhase;
			buildActionMask = 2147483647;
			files = (
			);
			inputFileListPaths = (
			);
			inputPaths = (
				"${PODS_PODFILE_DIR_PATH}/Podfile.lock",
				"${PODS_ROOT}/Manifest.lock",
			);
			name = "[CP] Check Pods Manifest.lock";
			outputFileListPaths = (
			);
			outputPaths = (
				"$(DERIVED_FILE_DIR)/Pods-Flixster-FlixsterUITests-checkManifestLockResult.txt",
			);
			runOnlyForDeploymentPostprocessing = 0;
			shellPath = /bin/sh;
			shellScript = "diff \"${PODS_PODFILE_DIR_PATH}/Podfile.lock\" \"${PODS_ROOT}/Manifest.lock\" > /dev/null\nif [ $? != 0 ] ; then\n    # print error to STDERR\n    echo \"error: The sandbox is not in sync with the Podfile.lock. Run 'pod install' or update your CocoaPods installation.\" >&2\n    exit 1\nfi\n# This output is used by Xcode 'outputs' to avoid re-running this script phase.\necho \"SUCCESS\" > \"${SCRIPT_OUTPUT_FILE_0}\"\n";
			showEnvVarsInLog = 0;
		};
/* End PBXShellScriptBuildPhase section */

/* Begin PBXSourcesBuildPhase section */
		6BE51BC928D2D39C008E5F03 /* Sources */ = {
			isa = PBXSourcesBuildPhase;
			buildActionMask = 2147483647;
			files = (
				6BAEE7C128D956150032D31C /* MovieDetailsViewController.swift in Sources */,
				6BE51BD128D2D39C008E5F03 /* AppDelegate.swift in Sources */,
				6BE51BD328D2D39C008E5F03 /* SceneDelegate.swift in Sources */,
				6BE51C0328D2E52B008E5F03 /* MovieCell.swift in Sources */,
				6BE51C0128D2D6AC008E5F03 /* MoviesViewController.swift in Sources */,
				6BAEE7C328D96AB70032D31C /* MovieGridViewController.swift in Sources */,
				6BAEE7C528D977320032D31C /* MovieGridCell.swift in Sources */,
			);
			runOnlyForDeploymentPostprocessing = 0;
		};
		6BE51BDF28D2D39D008E5F03 /* Sources */ = {
			isa = PBXSourcesBuildPhase;
			buildActionMask = 2147483647;
			files = (
				6BE51BE828D2D39D008E5F03 /* FlixsterTests.swift in Sources */,
			);
			runOnlyForDeploymentPostprocessing = 0;
		};
		6BE51BE928D2D39D008E5F03 /* Sources */ = {
			isa = PBXSourcesBuildPhase;
			buildActionMask = 2147483647;
			files = (
				6BE51BF428D2D39D008E5F03 /* FlixsterUITestsLaunchTests.swift in Sources */,
				6BE51BF228D2D39D008E5F03 /* FlixsterUITests.swift in Sources */,
			);
			runOnlyForDeploymentPostprocessing = 0;
		};
/* End PBXSourcesBuildPhase section */

/* Begin PBXTargetDependency section */
		6BE51BE528D2D39D008E5F03 /* PBXTargetDependency */ = {
			isa = PBXTargetDependency;
			target = 6BE51BCC28D2D39C008E5F03 /* Flixster */;
			targetProxy = 6BE51BE428D2D39D008E5F03 /* PBXContainerItemProxy */;
		};
		6BE51BEF28D2D39D008E5F03 /* PBXTargetDependency */ = {
			isa = PBXTargetDependency;
			target = 6BE51BCC28D2D39C008E5F03 /* Flixster */;
			targetProxy = 6BE51BEE28D2D39D008E5F03 /* PBXContainerItemProxy */;
		};
/* End PBXTargetDependency section */

/* Begin PBXVariantGroup section */
		6BE51BD628D2D39C008E5F03 /* Main.storyboard */ = {
			isa = PBXVariantGroup;
			children = (
				6BE51BD728D2D39C008E5F03 /* Base */,
			);
			name = Main.storyboard;
			sourceTree = "<group>";
		};
		6BE51BDB28D2D39D008E5F03 /* LaunchScreen.storyboard */ = {
			isa = PBXVariantGroup;
			children = (
				6BE51BDC28D2D39D008E5F03 /* Base */,
			);
			name = LaunchScreen.storyboard;
			sourceTree = "<group>";
		};
/* End PBXVariantGroup section */

/* Begin XCBuildConfiguration section */
		6BE51BF528D2D39D008E5F03 /* Debug */ = {
			isa = XCBuildConfiguration;
			buildSettings = {
				ALWAYS_SEARCH_USER_PATHS = NO;
				CLANG_ANALYZER_NONNULL = YES;
				CLANG_ANALYZER_NUMBER_OBJECT_CONVERSION = YES_AGGRESSIVE;
				CLANG_CXX_LANGUAGE_STANDARD = "gnu++17";
				CLANG_CXX_LIBRARY = "libc++";
				CLANG_ENABLE_MODULES = YES;
				CLANG_ENABLE_OBJC_ARC = YES;
				CLANG_ENABLE_OBJC_WEAK = YES;
				CLANG_WARN_BLOCK_CAPTURE_AUTORELEASING = YES;
				CLANG_WARN_BOOL_CONVERSION = YES;
				CLANG_WARN_COMMA = YES;
				CLANG_WARN_CONSTANT_CONVERSION = YES;
				CLANG_WARN_DEPRECATED_OBJC_IMPLEMENTATIONS = YES;
				CLANG_WARN_DIRECT_OBJC_ISA_USAGE = YES_ERROR;
				CLANG_WARN_DOCUMENTATION_COMMENTS = YES;
				CLANG_WARN_EMPTY_BODY = YES;
				CLANG_WARN_ENUM_CONVERSION = YES;
				CLANG_WARN_INFINITE_RECURSION = YES;
				CLANG_WARN_INT_CONVERSION = YES;
				CLANG_WARN_NON_LITERAL_NULL_CONVERSION = YES;
				CLANG_WARN_OBJC_IMPLICIT_RETAIN_SELF = YES;
				CLANG_WARN_OBJC_LITERAL_CONVERSION = YES;
				CLANG_WARN_OBJC_ROOT_CLASS = YES_ERROR;
				CLANG_WARN_QUOTED_INCLUDE_IN_FRAMEWORK_HEADER = YES;
				CLANG_WARN_RANGE_LOOP_ANALYSIS = YES;
				CLANG_WARN_STRICT_PROTOTYPES = YES;
				CLANG_WARN_SUSPICIOUS_MOVE = YES;
				CLANG_WARN_UNGUARDED_AVAILABILITY = YES_AGGRESSIVE;
				CLANG_WARN_UNREACHABLE_CODE = YES;
				CLANG_WARN__DUPLICATE_METHOD_MATCH = YES;
				COPY_PHASE_STRIP = NO;
				DEBUG_INFORMATION_FORMAT = dwarf;
				ENABLE_STRICT_OBJC_MSGSEND = YES;
				ENABLE_TESTABILITY = YES;
				GCC_C_LANGUAGE_STANDARD = gnu11;
				GCC_DYNAMIC_NO_PIC = NO;
				GCC_NO_COMMON_BLOCKS = YES;
				GCC_OPTIMIZATION_LEVEL = 0;
				GCC_PREPROCESSOR_DEFINITIONS = (
					"DEBUG=1",
					"$(inherited)",
				);
				GCC_WARN_64_TO_32_BIT_CONVERSION = YES;
				GCC_WARN_ABOUT_RETURN_TYPE = YES_ERROR;
				GCC_WARN_UNDECLARED_SELECTOR = YES;
				GCC_WARN_UNINITIALIZED_AUTOS = YES_AGGRESSIVE;
				GCC_WARN_UNUSED_FUNCTION = YES;
				GCC_WARN_UNUSED_VARIABLE = YES;
				IPHONEOS_DEPLOYMENT_TARGET = 15.2;
				MTL_ENABLE_DEBUG_INFO = INCLUDE_SOURCE;
				MTL_FAST_MATH = YES;
				ONLY_ACTIVE_ARCH = YES;
				SDKROOT = iphoneos;
				SWIFT_ACTIVE_COMPILATION_CONDITIONS = DEBUG;
				SWIFT_OPTIMIZATION_LEVEL = "-Onone";
			};
			name = Debug;
		};
		6BE51BF628D2D39D008E5F03 /* Release */ = {
			isa = XCBuildConfiguration;
			buildSettings = {
				ALWAYS_SEARCH_USER_PATHS = NO;
				CLANG_ANALYZER_NONNULL = YES;
				CLANG_ANALYZER_NUMBER_OBJECT_CONVERSION = YES_AGGRESSIVE;
				CLANG_CXX_LANGUAGE_STANDARD = "gnu++17";
				CLANG_CXX_LIBRARY = "libc++";
				CLANG_ENABLE_MODULES = YES;
				CLANG_ENABLE_OBJC_ARC = YES;
				CLANG_ENABLE_OBJC_WEAK = YES;
				CLANG_WARN_BLOCK_CAPTURE_AUTORELEASING = YES;
				CLANG_WARN_BOOL_CONVERSION = YES;
				CLANG_WARN_COMMA = YES;
				CLANG_WARN_CONSTANT_CONVERSION = YES;
				CLANG_WARN_DEPRECATED_OBJC_IMPLEMENTATIONS = YES;
				CLANG_WARN_DIRECT_OBJC_ISA_USAGE = YES_ERROR;
				CLANG_WARN_DOCUMENTATION_COMMENTS = YES;
				CLANG_WARN_EMPTY_BODY = YES;
				CLANG_WARN_ENUM_CONVERSION = YES;
				CLANG_WARN_INFINITE_RECURSION = YES;
				CLANG_WARN_INT_CONVERSION = YES;
				CLANG_WARN_NON_LITERAL_NULL_CONVERSION = YES;
				CLANG_WARN_OBJC_IMPLICIT_RETAIN_SELF = YES;
				CLANG_WARN_OBJC_LITERAL_CONVERSION = YES;
				CLANG_WARN_OBJC_ROOT_CLASS = YES_ERROR;
				CLANG_WARN_QUOTED_INCLUDE_IN_FRAMEWORK_HEADER = YES;
				CLANG_WARN_RANGE_LOOP_ANALYSIS = YES;
				CLANG_WARN_STRICT_PROTOTYPES = YES;
				CLANG_WARN_SUSPICIOUS_MOVE = YES;
				CLANG_WARN_UNGUARDED_AVAILABILITY = YES_AGGRESSIVE;
				CLANG_WARN_UNREACHABLE_CODE = YES;
				CLANG_WARN__DUPLICATE_METHOD_MATCH = YES;
				COPY_PHASE_STRIP = NO;
				DEBUG_INFORMATION_FORMAT = "dwarf-with-dsym";
				ENABLE_NS_ASSERTIONS = NO;
				ENABLE_STRICT_OBJC_MSGSEND = YES;
				GCC_C_LANGUAGE_STANDARD = gnu11;
				GCC_NO_COMMON_BLOCKS = YES;
				GCC_WARN_64_TO_32_BIT_CONVERSION = YES;
				GCC_WARN_ABOUT_RETURN_TYPE = YES_ERROR;
				GCC_WARN_UNDECLARED_SELECTOR = YES;
				GCC_WARN_UNINITIALIZED_AUTOS = YES_AGGRESSIVE;
				GCC_WARN_UNUSED_FUNCTION = YES;
				GCC_WARN_UNUSED_VARIABLE = YES;
				IPHONEOS_DEPLOYMENT_TARGET = 15.2;
				MTL_ENABLE_DEBUG_INFO = NO;
				MTL_FAST_MATH = YES;
				SDKROOT = iphoneos;
				SWIFT_COMPILATION_MODE = wholemodule;
				SWIFT_OPTIMIZATION_LEVEL = "-O";
				VALIDATE_PRODUCT = YES;
			};
			name = Release;
		};
		6BE51BF828D2D39D008E5F03 /* Debug */ = {
			isa = XCBuildConfiguration;
			baseConfigurationReference = 148C9E044CBDE4E565B6BDE8 /* Pods-Flixster.debug.xcconfig */;
			buildSettings = {
				ASSETCATALOG_COMPILER_APPICON_NAME = AppIcon;
				ASSETCATALOG_COMPILER_GLOBAL_ACCENT_COLOR_NAME = AccentColor;
				CODE_SIGN_STYLE = Automatic;
				CURRENT_PROJECT_VERSION = 1;
				GENERATE_INFOPLIST_FILE = YES;
				INFOPLIST_FILE = Flixster/Info.plist;
				INFOPLIST_KEY_UIApplicationSupportsIndirectInputEvents = YES;
				INFOPLIST_KEY_UILaunchStoryboardName = LaunchScreen;
				INFOPLIST_KEY_UIMainStoryboardFile = Main;
				INFOPLIST_KEY_UISupportedInterfaceOrientations_iPad = "UIInterfaceOrientationPortrait UIInterfaceOrientationPortraitUpsideDown UIInterfaceOrientationLandscapeLeft UIInterfaceOrientationLandscapeRight";
				INFOPLIST_KEY_UISupportedInterfaceOrientations_iPhone = "UIInterfaceOrientationPortrait UIInterfaceOrientationLandscapeLeft UIInterfaceOrientationLandscapeRight";
				LD_RUNPATH_SEARCH_PATHS = (
					"$(inherited)",
					"@executable_path/Frameworks",
				);
				MARKETING_VERSION = 1.0;
				PRODUCT_BUNDLE_IDENTIFIER = com.sagarrathod.Flixster;
				PRODUCT_NAME = "$(TARGET_NAME)";
				SWIFT_EMIT_LOC_STRINGS = YES;
				SWIFT_VERSION = 5.0;
				TARGETED_DEVICE_FAMILY = "1,2";
			};
			name = Debug;
		};
		6BE51BF928D2D39D008E5F03 /* Release */ = {
			isa = XCBuildConfiguration;
			baseConfigurationReference = 6AD40C40A6AE37047BD806F6 /* Pods-Flixster.release.xcconfig */;
			buildSettings = {
				ASSETCATALOG_COMPILER_APPICON_NAME = AppIcon;
				ASSETCATALOG_COMPILER_GLOBAL_ACCENT_COLOR_NAME = AccentColor;
				CODE_SIGN_STYLE = Automatic;
				CURRENT_PROJECT_VERSION = 1;
				GENERATE_INFOPLIST_FILE = YES;
				INFOPLIST_FILE = Flixster/Info.plist;
				INFOPLIST_KEY_UIApplicationSupportsIndirectInputEvents = YES;
				INFOPLIST_KEY_UILaunchStoryboardName = LaunchScreen;
				INFOPLIST_KEY_UIMainStoryboardFile = Main;
				INFOPLIST_KEY_UISupportedInterfaceOrientations_iPad = "UIInterfaceOrientationPortrait UIInterfaceOrientationPortraitUpsideDown UIInterfaceOrientationLandscapeLeft UIInterfaceOrientationLandscapeRight";
				INFOPLIST_KEY_UISupportedInterfaceOrientations_iPhone = "UIInterfaceOrientationPortrait UIInterfaceOrientationLandscapeLeft UIInterfaceOrientationLandscapeRight";
				LD_RUNPATH_SEARCH_PATHS = (
					"$(inherited)",
					"@executable_path/Frameworks",
				);
				MARKETING_VERSION = 1.0;
				PRODUCT_BUNDLE_IDENTIFIER = com.sagarrathod.Flixster;
				PRODUCT_NAME = "$(TARGET_NAME)";
				SWIFT_EMIT_LOC_STRINGS = YES;
				SWIFT_VERSION = 5.0;
				TARGETED_DEVICE_FAMILY = "1,2";
			};
			name = Release;
		};
		6BE51BFB28D2D39D008E5F03 /* Debug */ = {
			isa = XCBuildConfiguration;
			baseConfigurationReference = 7B45D7AE4A9EBC2956EAE5EE /* Pods-FlixsterTests.debug.xcconfig */;
			buildSettings = {
				ALWAYS_EMBED_SWIFT_STANDARD_LIBRARIES = YES;
				BUNDLE_LOADER = "$(TEST_HOST)";
				CODE_SIGN_STYLE = Automatic;
				CURRENT_PROJECT_VERSION = 1;
				GENERATE_INFOPLIST_FILE = YES;
				IPHONEOS_DEPLOYMENT_TARGET = 15.2;
				MARKETING_VERSION = 1.0;
				PRODUCT_BUNDLE_IDENTIFIER = com.sagarrathod.FlixsterTests;
				PRODUCT_NAME = "$(TARGET_NAME)";
				SWIFT_EMIT_LOC_STRINGS = NO;
				SWIFT_VERSION = 5.0;
				TARGETED_DEVICE_FAMILY = "1,2";
				TEST_HOST = "$(BUILT_PRODUCTS_DIR)/Flixster.app/Flixster";
			};
			name = Debug;
		};
		6BE51BFC28D2D39D008E5F03 /* Release */ = {
			isa = XCBuildConfiguration;
			baseConfigurationReference = 7BF486B589F34E35D4C6E744 /* Pods-FlixsterTests.release.xcconfig */;
			buildSettings = {
				ALWAYS_EMBED_SWIFT_STANDARD_LIBRARIES = YES;
				BUNDLE_LOADER = "$(TEST_HOST)";
				CODE_SIGN_STYLE = Automatic;
				CURRENT_PROJECT_VERSION = 1;
				GENERATE_INFOPLIST_FILE = YES;
				IPHONEOS_DEPLOYMENT_TARGET = 15.2;
				MARKETING_VERSION = 1.0;
				PRODUCT_BUNDLE_IDENTIFIER = com.sagarrathod.FlixsterTests;
				PRODUCT_NAME = "$(TARGET_NAME)";
				SWIFT_EMIT_LOC_STRINGS = NO;
				SWIFT_VERSION = 5.0;
				TARGETED_DEVICE_FAMILY = "1,2";
				TEST_HOST = "$(BUILT_PRODUCTS_DIR)/Flixster.app/Flixster";
			};
			name = Release;
		};
		6BE51BFE28D2D39D008E5F03 /* Debug */ = {
			isa = XCBuildConfiguration;
			baseConfigurationReference = BDAB9812656210708E61CAF9 /* Pods-Flixster-FlixsterUITests.debug.xcconfig */;
			buildSettings = {
				ALWAYS_EMBED_SWIFT_STANDARD_LIBRARIES = YES;
				CODE_SIGN_STYLE = Automatic;
				CURRENT_PROJECT_VERSION = 1;
				GENERATE_INFOPLIST_FILE = YES;
				MARKETING_VERSION = 1.0;
				PRODUCT_BUNDLE_IDENTIFIER = com.sagarrathod.FlixsterUITests;
				PRODUCT_NAME = "$(TARGET_NAME)";
				SWIFT_EMIT_LOC_STRINGS = NO;
				SWIFT_VERSION = 5.0;
				TARGETED_DEVICE_FAMILY = "1,2";
				TEST_TARGET_NAME = Flixster;
			};
			name = Debug;
		};
		6BE51BFF28D2D39D008E5F03 /* Release */ = {
			isa = XCBuildConfiguration;
			baseConfigurationReference = 15DE07D9D8B6631684967121 /* Pods-Flixster-FlixsterUITests.release.xcconfig */;
			buildSettings = {
				ALWAYS_EMBED_SWIFT_STANDARD_LIBRARIES = YES;
				CODE_SIGN_STYLE = Automatic;
				CURRENT_PROJECT_VERSION = 1;
				GENERATE_INFOPLIST_FILE = YES;
				MARKETING_VERSION = 1.0;
				PRODUCT_BUNDLE_IDENTIFIER = com.sagarrathod.FlixsterUITests;
				PRODUCT_NAME = "$(TARGET_NAME)";
				SWIFT_EMIT_LOC_STRINGS = NO;
				SWIFT_VERSION = 5.0;
				TARGETED_DEVICE_FAMILY = "1,2";
				TEST_TARGET_NAME = Flixster;
			};
			name = Release;
		};
/* End XCBuildConfiguration section */

/* Begin XCConfigurationList section */
		6BE51BC828D2D39C008E5F03 /* Build configuration list for PBXProject "Flixster" */ = {
			isa = XCConfigurationList;
			buildConfigurations = (
				6BE51BF528D2D39D008E5F03 /* Debug */,
				6BE51BF628D2D39D008E5F03 /* Release */,
			);
			defaultConfigurationIsVisible = 0;
			defaultConfigurationName = Release;
		};
		6BE51BF728D2D39D008E5F03 /* Build configuration list for PBXNativeTarget "Flixster" */ = {
			isa = XCConfigurationList;
			buildConfigurations = (
				6BE51BF828D2D39D008E5F03 /* Debug */,
				6BE51BF928D2D39D008E5F03 /* Release */,
			);
			defaultConfigurationIsVisible = 0;
			defaultConfigurationName = Release;
		};
		6BE51BFA28D2D39D008E5F03 /* Build configuration list for PBXNativeTarget "FlixsterTests" */ = {
			isa = XCConfigurationList;
			buildConfigurations = (
				6BE51BFB28D2D39D008E5F03 /* Debug */,
				6BE51BFC28D2D39D008E5F03 /* Release */,
			);
			defaultConfigurationIsVisible = 0;
			defaultConfigurationName = Release;
		};
		6BE51BFD28D2D39D008E5F03 /* Build configuration list for PBXNativeTarget "FlixsterUITests" */ = {
			isa = XCConfigurationList;
			buildConfigurations = (
				6BE51BFE28D2D39D008E5F03 /* Debug */,
				6BE51BFF28D2D39D008E5F03 /* Release */,
			);
			defaultConfigurationIsVisible = 0;
			defaultConfigurationName = Release;
		};
/* End XCConfigurationList section */

/* Begin XCRemoteSwiftPackageReference section */
		6B80C1FF28D2EA8100BD6CC3 /* XCRemoteSwiftPackageReference "AlamofireImage" */ = {
			isa = XCRemoteSwiftPackageReference;
			repositoryURL = "https://github.com/Alamofire/AlamofireImage";
			requirement = {
				kind = upToNextMajorVersion;
				minimumVersion = 4.0.0;
			};
		};
/* End XCRemoteSwiftPackageReference section */

/* Begin XCSwiftPackageProductDependency section */
		6B80C20028D2EA8100BD6CC3 /* AlamofireImage */ = {
			isa = XCSwiftPackageProductDependency;
			package = 6B80C1FF28D2EA8100BD6CC3 /* XCRemoteSwiftPackageReference "AlamofireImage" */;
			productName = AlamofireImage;
		};
/* End XCSwiftPackageProductDependency section */
	};
	rootObject = 6BE51BC528D2D39C008E5F03 /* Project object */;
}
